// !$*UTF8*$!
{
	archiveVersion = 1;
	classes = {
	};
	objectVersion = 46;
	objects = {

/* Begin PBXBuildFile section */
		01D88E621BC4A80200314F56 /* DetailViewController.m in Sources */ = {isa = PBXBuildFile; fileRef = 01D88E611BC4A80200314F56 /* DetailViewController.m */; settings = {ASSET_TAGS = (); }; };
		01E3DAB31BC2E645006D9132 /* main.m in Sources */ = {isa = PBXBuildFile; fileRef = 01E3DAB21BC2E645006D9132 /* main.m */; };
		01E3DAB61BC2E645006D9132 /* AppDelegate.m in Sources */ = {isa = PBXBuildFile; fileRef = 01E3DAB51BC2E645006D9132 /* AppDelegate.m */; };
		01E3DAB91BC2E645006D9132 /* ViewController.m in Sources */ = {isa = PBXBuildFile; fileRef = 01E3DAB81BC2E645006D9132 /* ViewController.m */; };
		01E3DABC1BC2E645006D9132 /* Main.storyboard in Resources */ = {isa = PBXBuildFile; fileRef = 01E3DABA1BC2E645006D9132 /* Main.storyboard */; };
		01E3DABE1BC2E645006D9132 /* Assets.xcassets in Resources */ = {isa = PBXBuildFile; fileRef = 01E3DABD1BC2E645006D9132 /* Assets.xcassets */; };
		01E3DAC11BC2E645006D9132 /* LaunchScreen.storyboard in Resources */ = {isa = PBXBuildFile; fileRef = 01E3DABF1BC2E645006D9132 /* LaunchScreen.storyboard */; };
		01E3DACA1BC2E7DD006D9132 /* Reachability.m in Sources */ = {isa = PBXBuildFile; fileRef = 01E3DAC91BC2E7DD006D9132 /* Reachability.m */; settings = {ASSET_TAGS = (); }; };
		01E3DACD1BC306F5006D9132 /* TableViewSearchCell.m in Sources */ = {isa = PBXBuildFile; fileRef = 01E3DACC1BC306F5006D9132 /* TableViewSearchCell.m */; settings = {ASSET_TAGS = (); }; };
/* End PBXBuildFile section */

/* Begin PBXFileReference section */
		01D88E601BC4A80200314F56 /* DetailViewController.h */ = {isa = PBXFileReference; fileEncoding = 4; lastKnownFileType = sourcecode.c.h; path = DetailViewController.h; sourceTree = "<group>"; };
		01D88E611BC4A80200314F56 /* DetailViewController.m */ = {isa = PBXFileReference; fileEncoding = 4; lastKnownFileType = sourcecode.c.objc; path = DetailViewController.m; sourceTree = "<group>"; };
		01E3DAAE1BC2E645006D9132 /* iTune.app */ = {isa = PBXFileReference; explicitFileType = wrapper.application; includeInIndex = 0; path = iTune.app; sourceTree = BUILT_PRODUCTS_DIR; };
		01E3DAB21BC2E645006D9132 /* main.m */ = {isa = PBXFileReference; lastKnownFileType = sourcecode.c.objc; path = main.m; sourceTree = "<group>"; };
		01E3DAB41BC2E645006D9132 /* AppDelegate.h */ = {isa = PBXFileReference; lastKnownFileType = sourcecode.c.h; path = AppDelegate.h; sourceTree = "<group>"; };
		01E3DAB51BC2E645006D9132 /* AppDelegate.m */ = {isa = PBXFileReference; lastKnownFileType = sourcecode.c.objc; path = AppDelegate.m; sourceTree = "<group>"; };
		01E3DAB71BC2E645006D9132 /* ViewController.h */ = {isa = PBXFileReference; lastKnownFileType = sourcecode.c.h; path = ViewController.h; sourceTree = "<group>"; };
		01E3DAB81BC2E645006D9132 /* ViewController.m */ = {isa = PBXFileReference; lastKnownFileType = sourcecode.c.objc; path = ViewController.m; sourceTree = "<group>"; };
		01E3DABB1BC2E645006D9132 /* Base */ = {isa = PBXFileReference; lastKnownFileType = file.storyboard; name = Base; path = Base.lproj/Main.storyboard; sourceTree = "<group>"; };
		01E3DABD1BC2E645006D9132 /* Assets.xcassets */ = {isa = PBXFileReference; lastKnownFileType = folder.assetcatalog; path = Assets.xcassets; sourceTree = "<group>"; };
		01E3DAC01BC2E645006D9132 /* Base */ = {isa = PBXFileReference; lastKnownFileType = file.storyboard; name = Base; path = Base.lproj/LaunchScreen.storyboard; sourceTree = "<group>"; };
		01E3DAC21BC2E645006D9132 /* Info.plist */ = {isa = PBXFileReference; lastKnownFileType = text.plist.xml; path = Info.plist; sourceTree = "<group>"; };
		01E3DAC81BC2E7DD006D9132 /* Reachability.h */ = {isa = PBXFileReference; fileEncoding = 4; lastKnownFileType = sourcecode.c.h; path = Reachability.h; sourceTree = "<group>"; };
		01E3DAC91BC2E7DD006D9132 /* Reachability.m */ = {isa = PBXFileReference; fileEncoding = 4; lastKnownFileType = sourcecode.c.objc; path = Reachability.m; sourceTree = "<group>"; };
		01E3DACB1BC306F5006D9132 /* TableViewSearchCell.h */ = {isa = PBXFileReference; fileEncoding = 4; lastKnownFileType = sourcecode.c.h; path = TableViewSearchCell.h; sourceTree = "<group>"; };
		01E3DACC1BC306F5006D9132 /* TableViewSearchCell.m */ = {isa = PBXFileReference; fileEncoding = 4; lastKnownFileType = sourcecode.c.objc; path = TableViewSearchCell.m; sourceTree = "<group>"; };
/* End PBXFileReference section */

/* Begin PBXFrameworksBuildPhase section */
		01E3DAAB1BC2E645006D9132 /* Frameworks */ = {
			isa = PBXFrameworksBuildPhase;
			buildActionMask = 2147483647;
			files = (
			);
			runOnlyForDeploymentPostprocessing = 0;
		};
/* End PBXFrameworksBuildPhase section */

/* Begin PBXGroup section */
		01E3DAA51BC2E645006D9132 = {
			isa = PBXGroup;
			children = (
				01E3DAB01BC2E645006D9132 /* iTune */,
				01E3DAAF1BC2E645006D9132 /* Products */,
			);
			sourceTree = "<group>";
		};
		01E3DAAF1BC2E645006D9132 /* Products */ = {
			isa = PBXGroup;
			children = (
				01E3DAAE1BC2E645006D9132 /* iTune.app */,
			);
			name = Products;
			sourceTree = "<group>";
		};
		01E3DAB01BC2E645006D9132 /* iTune */ = {
			isa = PBXGroup;
			children = (
				01E3DAB41BC2E645006D9132 /* AppDelegate.h */,
				01E3DAB51BC2E645006D9132 /* AppDelegate.m */,
				01E3DAC81BC2E7DD006D9132 /* Reachability.h */,
				01E3DAC91BC2E7DD006D9132 /* Reachability.m */,
				01E3DAB71BC2E645006D9132 /* ViewController.h */,
				01E3DAB81BC2E645006D9132 /* ViewController.m */,
				01E3DABA1BC2E645006D9132 /* Main.storyboard */,
				01D88E601BC4A80200314F56 /* DetailViewController.h */,
				01D88E611BC4A80200314F56 /* DetailViewController.m */,
				01E3DACB1BC306F5006D9132 /* TableViewSearchCell.h */,
				01E3DACC1BC306F5006D9132 /* TableViewSearchCell.m */,
				01E3DABD1BC2E645006D9132 /* Assets.xcassets */,
				01E3DABF1BC2E645006D9132 /* LaunchScreen.storyboard */,
				01E3DAC21BC2E645006D9132 /* Info.plist */,
				01E3DAB11BC2E645006D9132 /* Supporting Files */,
			);
			path = iTune;
			sourceTree = "<group>";
		};
		01E3DAB11BC2E645006D9132 /* Supporting Files */ = {
			isa = PBXGroup;
			children = (
				01E3DAB21BC2E645006D9132 /* main.m */,
			);
			name = "Supporting Files";
			sourceTree = "<group>";
		};
/* End PBXGroup section */

/* Begin PBXNativeTarget section */
		01E3DAAD1BC2E645006D9132 /* iTune */ = {
			isa = PBXNativeTarget;
			buildConfigurationList = 01E3DAC51BC2E645006D9132 /* Build configuration list for PBXNativeTarget "iTune" */;
			buildPhases = (
				01E3DAAA1BC2E645006D9132 /* Sources */,
				01E3DAAB1BC2E645006D9132 /* Frameworks */,
				01E3DAAC1BC2E645006D9132 /* Resources */,
			);
			buildRules = (
			);
			dependencies = (
			);
			name = iTune;
			productName = iTune;
			productReference = 01E3DAAE1BC2E645006D9132 /* iTune.app */;
			productType = "com.apple.product-type.application";
		};
/* End PBXNativeTarget section */

/* Begin PBXProject section */
		01E3DAA61BC2E645006D9132 /* Project object */ = {
			isa = PBXProject;
			attributes = {
				LastUpgradeCheck = 0700;
				ORGANIZATIONNAME = "Luke Madronal";
				TargetAttributes = {
					01E3DAAD1BC2E645006D9132 = {
						CreatedOnToolsVersion = 7.0.1;
						DevelopmentTeam = DMUZX7Q6QX;
					};
				};
			};
			buildConfigurationList = 01E3DAA91BC2E645006D9132 /* Build configuration list for PBXProject "iTune" */;
			compatibilityVersion = "Xcode 3.2";
			developmentRegion = English;
			hasScannedForEncodings = 0;
			knownRegions = (
				en,
				Base,
			);
			mainGroup = 01E3DAA51BC2E645006D9132;
			productRefGroup = 01E3DAAF1BC2E645006D9132 /* Products */;
			projectDirPath = "";
			projectRoot = "";
			targets = (
				01E3DAAD1BC2E645006D9132 /* iTune */,
			);
		};
/* End PBXProject section */

/* Begin PBXResourcesBuildPhase section */
		01E3DAAC1BC2E645006D9132 /* Resources */ = {
			isa = PBXResourcesBuildPhase;
			buildActionMask = 2147483647;
			files = (
				01E3DAC11BC2E645006D9132 /* LaunchScreen.storyboard in Resources */,
				01E3DABE1BC2E645006D9132 /* Assets.xcassets in Resources */,
				01E3DABC1BC2E645006D9132 /* Main.storyboard in Resources */,
			);
			runOnlyForDeploymentPostprocessing = 0;
		};
/* End PBXResourcesBuildPhase section */

/* Begin PBXSourcesBuildPhase section */
		01E3DAAA1BC2E645006D9132 /* Sources */ = {
			isa = PBXSourcesBuildPhase;
			buildActionMask = 2147483647;
			files = (
				01E3DAB91BC2E645006D9132 /* ViewController.m in Sources */,
				01E3DACD1BC306F5006D9132 /* TableViewSearchCell.m in Sources */,
				01E3DAB61BC2E645006D9132 /* AppDelegate.m in Sources */,
				01E3DACA1BC2E7DD006D9132 /* Reachability.m in Sources */,
				01E3DAB31BC2E645006D9132 /* main.m in Sources */,
				01D88E621BC4A80200314F56 /* DetailViewController.m in Sources */,
			);
			runOnlyForDeploymentPostprocessing = 0;
		};
/* End PBXSourcesBuildPhase section */

/* Begin PBXVariantGroup section */
		01E3DABA1BC2E645006D9132 /* Main.storyboard */ = {
			isa = PBXVariantGroup;
			children = (
				01E3DABB1BC2E645006D9132 /* Base */,
			);
			name = Main.storyboard;
			sourceTree = "<group>";
		};
		01E3DABF1BC2E645006D9132 /* LaunchScreen.storyboard */ = {
			isa = PBXVariantGroup;
			children = (
				01E3DAC01BC2E645006D9132 /* Base */,
			);
			name = LaunchScreen.storyboard;
			sourceTree = "<group>";
		};
/* End PBXVariantGroup section */

/* Begin XCBuildConfiguration section */
		01E3DAC31BC2E645006D9132 /* Debug */ = {
			isa = XCBuildConfiguration;
			buildSettings = {
				ALWAYS_SEARCH_USER_PATHS = NO;
				CLANG_CXX_LANGUAGE_STANDARD = "gnu++0x";
				CLANG_CXX_LIBRARY = "libc++";
				CLANG_ENABLE_MODULES = YES;
				CLANG_ENABLE_OBJC_ARC = YES;
				CLANG_WARN_BOOL_CONVERSION = YES;
				CLANG_WARN_CONSTANT_CONVERSION = YES;
				CLANG_WARN_DIRECT_OBJC_ISA_USAGE = YES_ERROR;
				CLANG_WARN_EMPTY_BODY = YES;
				CLANG_WARN_ENUM_CONVERSION = YES;
				CLANG_WARN_INT_CONVERSION = YES;
				CLANG_WARN_OBJC_ROOT_CLASS = YES_ERROR;
				CLANG_WARN_UNREACHABLE_CODE = YES;
				CLANG_WARN__DUPLICATE_METHOD_MATCH = YES;
				"CODE_SIGN_IDENTITY[sdk=iphoneos*]" = "iPhone Developer";
				COPY_PHASE_STRIP = NO;
				DEBUG_INFORMATION_FORMAT = dwarf;
				ENABLE_STRICT_OBJC_MSGSEND = YES;
				ENABLE_TESTABILITY = YES;
				GCC_C_LANGUAGE_STANDARD = gnu99;
				GCC_DYNAMIC_NO_PIC = NO;
				GCC_NO_COMMON_BLOCKS = YES;
				GCC_OPTIMIZATION_LEVEL = 0;
				GCC_PREPROCESSOR_DEFINITIONS = (
					"DEBUG=1",
					"$(inherited)",
				);
				GCC_WARN_64_TO_32_BIT_CONVERSION = YES;
				GCC_WARN_ABOUT_RETURN_TYPE = YES_ERROR;
				GCC_WARN_UNDECLARED_SELECTOR = YES;
				GCC_WARN_UNINITIALIZED_AUTOS = YES_AGGRESSIVE;
				GCC_WARN_UNUSED_FUNCTION = YES;
				GCC_WARN_UNUSED_VARIABLE = YES;
				IPHONEOS_DEPLOYMENT_TARGET = 9.0;
				MTL_ENABLE_DEBUG_INFO = YES;
				ONLY_ACTIVE_ARCH = YES;
				SDKROOT = iphoneos;
				TARGETED_DEVICE_FAMILY = "1,2";
			};
			name = Debug;
		};
		01E3DAC41BC2E645006D9132 /* Release */ = {
			isa = XCBuildConfiguration;
			buildSettings = {
				ALWAYS_SEARCH_USER_PATHS = NO;
				CLANG_CXX_LANGUAGE_STANDARD = "gnu++0x";
				CLANG_CXX_LIBRARY = "libc++";
				CLANG_ENABLE_MODULES = YES;
				CLANG_ENABLE_OBJC_ARC = YES;
				CLANG_WARN_BOOL_CONVERSION = YES;
				CLANG_WARN_CONSTANT_CONVERSION = YES;
				CLANG_WARN_DIRECT_OBJC_ISA_USAGE = YES_ERROR;
				CLANG_WARN_EMPTY_BODY = YES;
				CLANG_WARN_ENUM_CONVERSION = YES;
				CLANG_WARN_INT_CONVERSION = YES;
				CLANG_WARN_OBJC_ROOT_CLASS = YES_ERROR;
				CLANG_WARN_UNREACHABLE_CODE = YES;
				CLANG_WARN__DUPLICATE_METHOD_MATCH = YES;
				"CODE_SIGN_IDENTITY[sdk=iphoneos*]" = "iPhone Developer";
				COPY_PHASE_STRIP = NO;
				DEBUG_INFORMATION_FORMAT = "dwarf-with-dsym";
				ENABLE_NS_ASSERTIONS = NO;
				ENABLE_STRICT_OBJC_MSGSEND = YES;
				GCC_C_LANGUAGE_STANDARD = gnu99;
				GCC_NO_COMMON_BLOCKS = YES;
				GCC_WARN_64_TO_32_BIT_CONVERSION = YES;
				GCC_WARN_ABOUT_RETURN_TYPE = YES_ERROR;
				GCC_WARN_UNDECLARED_SELECTOR = YES;
				GCC_WARN_UNINITIALIZED_AUTOS = YES_AGGRESSIVE;
				GCC_WARN_UNUSED_FUNCTION = YES;
				GCC_WARN_UNUSED_VARIABLE = YES;
				IPHONEOS_DEPLOYMENT_TARGET = 9.0;
				MTL_ENABLE_DEBUG_INFO = NO;
				SDKROOT = iphoneos;
				TARGETED_DEVICE_FAMILY = "1,2";
				VALIDATE_PRODUCT = YES;
			};
			name = Release;
		};
		01E3DAC61BC2E645006D9132 /* Debug */ = {
			isa = XCBuildConfiguration;
			buildSettings = {
				ASSETCATALOG_COMPILER_APPICON_NAME = AppIcon;
				INFOPLIST_FILE = iTune/Info.plist;
				LD_RUNPATH_SEARCH_PATHS = "$(inherited) @executable_path/Frameworks";
				PRODUCT_BUNDLE_IDENTIFIER = LAM.iTune;
				PRODUCT_NAME = "$(TARGET_NAME)";
			};
			name = Debug;
		};
		01E3DAC71BC2E645006D9132 /* Release */ = {
			isa = XCBuildConfiguration;
			buildSettings = {
				ASSETCATALOG_COMPILER_APPICON_NAME = AppIcon;
				INFOPLIST_FILE = iTune/Info.plist;
				LD_RUNPATH_SEARCH_PATHS = "$(inherited) @executable_path/Frameworks";
				PRODUCT_BUNDLE_IDENTIFIER = LAM.iTune;
				PRODUCT_NAME = "$(TARGET_NAME)";
			};
			name = Release;
		};
/* End XCBuildConfiguration section */

/* Begin XCConfigurationList section */
		01E3DAA91BC2E645006D9132 /* Build configuration list for PBXProject "iTune" */ = {
			isa = XCConfigurationList;
			buildConfigurations = (
				01E3DAC31BC2E645006D9132 /* Debug */,
				01E3DAC41BC2E645006D9132 /* Release */,
			);
			defaultConfigurationIsVisible = 0;
			defaultConfigurationName = Release;
		};
		01E3DAC51BC2E645006D9132 /* Build configuration list for PBXNativeTarget "iTune" */ = {
			isa = XCConfigurationList;
			buildConfigurations = (
				01E3DAC61BC2E645006D9132 /* Debug */,
				01E3DAC71BC2E645006D9132 /* Release */,
			);
			defaultConfigurationIsVisible = 0;
			defaultConfigurationName = Release;
		};
/* End XCConfigurationList section */
	};
	rootObject = 01E3DAA61BC2E645006D9132 /* Project object */;
}
